
Microsoft Visual Studio Solution File, Format Version 12.00
# Visual Studio 15
VisualStudioVersion = 15.0.28010.0
MinimumVisualStudioVersion = 10.0.40219.1
Project("{FAE04EC0-301F-11D3-BF4B-00C04F79EFBC}") = "OutlookAddIn3GPP", "OutlookAddIn3GPP\OutlookAddIn3GPP.csproj", "{110C3395-6251-4207-B120-078493A00DF4}"
EndProject
Global
	GlobalSection(SolutionConfigurationPlatforms) = preSolution
		Debug|Any CPU = Debug|Any CPU
		Release|Any CPU = Release|Any CPU
	EndGlobalSection
	GlobalSection(ProjectConfigurationPlatforms) = postSolution
		{110C3395-6251-4207-B120-078493A00DF4}.Debug|Any CPU.ActiveCfg = Debug|Any CPU
		{110C3395-6251-4207-B120-078493A00DF4}.Debug|Any CPU.Build.0 = Debug|Any CPU
		{110C3395-6251-4207-B120-078493A00DF4}.Release|Any CPU.ActiveCfg = Release|Any CPU
		{110C3395-6251-4207-B120-078493A00DF4}.Release|Any CPU.Build.0 = Release|Any CPU
	EndGlobalSection
	GlobalSection(SolutionProperties) = preSolution
		HideSolutionNode = FALSE
	EndGlobalSection
	GlobalSection(ExtensibilityGlobals) = postSolution
		SolutionGuid = {53CFCA04-C525-490D-8E5B-38A4F1CC4D73}
	EndGlobalSection
EndGlobal
